
Microsoft Visual Studio Solution File, Format Version 12.00
# Visual Studio Version 17
VisualStudioVersion = 17.4.33213.308
MinimumVisualStudioVersion = 10.0.40219.1
Project("{FAE04EC0-301F-11D3-BF4B-00C04F79EFBC}") = "Deliverable_2_Mohacsi", "Deliverable_2_Mohacsi.csproj", "{79821655-BF9A-490F-8642-F1A334D5BAF1}"
EndProject
Global
	GlobalSection(SolutionConfigurationPlatforms) = preSolution
		Debug|Any CPU = Debug|Any CPU
		Release|Any CPU = Release|Any CPU
	EndGlobalSection
	GlobalSection(ProjectConfigurationPlatforms) = postSolution
		{79821655-BF9A-490F-8642-F1A334D5BAF1}.Debug|Any CPU.ActiveCfg = Debug|Any CPU
		{79821655-BF9A-490F-8642-F1A334D5BAF1}.Debug|Any CPU.Build.0 = Debug|Any CPU
		{79821655-BF9A-490F-8642-F1A334D5BAF1}.Release|Any CPU.ActiveCfg = Release|Any CPU
		{79821655-BF9A-490F-8642-F1A334D5BAF1}.Release|Any CPU.Build.0 = Release|Any CPU
	EndGlobalSection
	GlobalSection(SolutionProperties) = preSolution
		HideSolutionNode = FALSE
	EndGlobalSection
	GlobalSection(ExtensibilityGlobals) = postSolution
		SolutionGuid = {ED53BF58-E66B-4D6A-9722-89E56E586377}
	EndGlobalSection
EndGlobal
